
Microsoft Visual Studio Solution File, Format Version 12.00
# Visual Studio Version 17
VisualStudioVersion = 17.14.36327.8 d17.14
MinimumVisualStudioVersion = 10.0.40219.1
Project("{FAE04EC0-301F-11D3-BF4B-00C04F79EFBC}") = "ToDoBlazorApp", "ToDoBlazorApp.csproj", "{346265E8-8431-4CA8-92A1-FAB17C28CFC0}"
EndProject
Global
	GlobalSection(SolutionConfigurationPlatforms) = preSolution
		Debug|Any CPU = Debug|Any CPU
		Release|Any CPU = Release|Any CPU
	EndGlobalSection
	GlobalSection(ProjectConfigurationPlatforms) = postSolution
		{346265E8-8431-4CA8-92A1-FAB17C28CFC0}.Debug|Any CPU.ActiveCfg = Debug|Any CPU
		{346265E8-8431-4CA8-92A1-FAB17C28CFC0}.Debug|Any CPU.Build.0 = Debug|Any CPU
		{346265E8-8431-4CA8-92A1-FAB17C28CFC0}.Release|Any CPU.ActiveCfg = Release|Any CPU
		{346265E8-8431-4CA8-92A1-FAB17C28CFC0}.Release|Any CPU.Build.0 = Release|Any CPU
	EndGlobalSection
	GlobalSection(SolutionProperties) = preSolution
		HideSolutionNode = FALSE
	EndGlobalSection
	GlobalSection(ExtensibilityGlobals) = postSolution
		SolutionGuid = {C7EFCAA5-694A-4A12-9E94-30AFD6916696}
	EndGlobalSection
EndGlobal
